// !$*UTF8*$!
{
	archiveVersion = 1;
	classes = {
	};
	objectVersion = 50;
	objects = {

/* Begin PBXBuildFile section */
		0593D350B5A87D5E4E465668 /* Pods_MobileJTUITests.framework in Frameworks */ = {isa = PBXBuildFile; fileRef = A358967CF66E04D751B662E8 /* Pods_MobileJTUITests.framework */; };
		1AE1B53527C82918B89E09B9 /* Pods_MobileJTTests.framework in Frameworks */ = {isa = PBXBuildFile; fileRef = 2FC3716E18266E3815040E30 /* Pods_MobileJTTests.framework */; };
		2DE531A521EA85B000BC0D5A /* Main.storyboard in Resources */ = {isa = PBXBuildFile; fileRef = 2DE531A421EA85B000BC0D5A /* Main.storyboard */; };
		2DE531A721EA913E00BC0D5A /* Month.swift in Sources */ = {isa = PBXBuildFile; fileRef = 2DE531A621EA913E00BC0D5A /* Month.swift */; };
		2DE531AB21EA9CE000BC0D5A /* DayCollectionHeader.swift in Sources */ = {isa = PBXBuildFile; fileRef = 2DE531AA21EA9CE000BC0D5A /* DayCollectionHeader.swift */; };
		2DE531AD21ED473000BC0D5A /* EventManager.swift in Sources */ = {isa = PBXBuildFile; fileRef = 2DE531AC21ED473000BC0D5A /* EventManager.swift */; };
		2DE531AF21ED564000BC0D5A /* AddEventViewController.swift in Sources */ = {isa = PBXBuildFile; fileRef = 2DE531AE21ED564000BC0D5A /* AddEventViewController.swift */; };
		98F653975E9135167F830D07 /* Pods_MobileJT.framework in Frameworks */ = {isa = PBXBuildFile; fileRef = EFCC142837442E2957FF6173 /* Pods_MobileJT.framework */; };
		C52ECE7E21F16B7100979773 /* SpaceCell.swift in Sources */ = {isa = PBXBuildFile; fileRef = C52ECE7D21F16B7100979773 /* SpaceCell.swift */; };
		C551DC0621E447570041537D /* AppDelegate.swift in Sources */ = {isa = PBXBuildFile; fileRef = C551DC0521E447570041537D /* AppDelegate.swift */; };
		C551DC0D21E447580041537D /* Assets.xcassets in Resources */ = {isa = PBXBuildFile; fileRef = C551DC0C21E447580041537D /* Assets.xcassets */; };
		C551DC1021E447580041537D /* LaunchScreen.storyboard in Resources */ = {isa = PBXBuildFile; fileRef = C551DC0E21E447580041537D /* LaunchScreen.storyboard */; };
		C551DC1B21E447580041537D /* MobileJTTests.swift in Sources */ = {isa = PBXBuildFile; fileRef = C551DC1A21E447580041537D /* MobileJTTests.swift */; };
		C551DC2621E447580041537D /* MobileJTUITests.swift in Sources */ = {isa = PBXBuildFile; fileRef = C551DC2521E447580041537D /* MobileJTUITests.swift */; };
		C551DC4021E447BC0041537D /* Day.swift in Sources */ = {isa = PBXBuildFile; fileRef = C551DC3421E447BC0041537D /* Day.swift */; };
		C551DC4221E447BC0041537D /* EventTableViewCell.swift in Sources */ = {isa = PBXBuildFile; fileRef = C551DC3621E447BC0041537D /* EventTableViewCell.swift */; };
		C551DC4321E447BC0041537D /* DayCollectionViewCell.swift in Sources */ = {isa = PBXBuildFile; fileRef = C551DC3721E447BC0041537D /* DayCollectionViewCell.swift */; };
		C551DC4421E447BC0041537D /* EventTableViewController.swift in Sources */ = {isa = PBXBuildFile; fileRef = C551DC3821E447BC0041537D /* EventTableViewController.swift */; };
		C551DC4521E447BC0041537D /* DayCollectionViewController.swift in Sources */ = {isa = PBXBuildFile; fileRef = C551DC3921E447BC0041537D /* DayCollectionViewController.swift */; };
		C551DC4721E447BC0041537D /* Event.swift in Sources */ = {isa = PBXBuildFile; fileRef = C551DC3B21E447BC0041537D /* Event.swift */; };
		C551DC4A21E447BC0041537D /* EventViewController.swift in Sources */ = {isa = PBXBuildFile; fileRef = C551DC3E21E447BC0041537D /* EventViewController.swift */; };
/* End PBXBuildFile section */

/* Begin PBXContainerItemProxy section */
		C551DC1721E447580041537D /* PBXContainerItemProxy */ = {
			isa = PBXContainerItemProxy;
			containerPortal = C551DBFA21E447570041537D /* Project object */;
			proxyType = 1;
			remoteGlobalIDString = C551DC0121E447570041537D;
			remoteInfo = MobileJT;
		};
		C551DC2221E447580041537D /* PBXContainerItemProxy */ = {
			isa = PBXContainerItemProxy;
			containerPortal = C551DBFA21E447570041537D /* Project object */;
			proxyType = 1;
			remoteGlobalIDString = C551DC0121E447570041537D;
			remoteInfo = MobileJT;
		};
/* End PBXContainerItemProxy section */

/* Begin PBXFileReference section */
		2B75B0EA8C38C94341C38DF2 /* Pods-MobileJTUITests.debug.xcconfig */ = {isa = PBXFileReference; includeInIndex = 1; lastKnownFileType = text.xcconfig; name = "Pods-MobileJTUITests.debug.xcconfig"; path = "Pods/Target Support Files/Pods-MobileJTUITests/Pods-MobileJTUITests.debug.xcconfig"; sourceTree = "<group>"; };
		2DE531A421EA85B000BC0D5A /* Main.storyboard */ = {isa = PBXFileReference; fileEncoding = 4; lastKnownFileType = file.storyboard; path = Main.storyboard; sourceTree = "<group>"; };
		2DE531A621EA913E00BC0D5A /* Month.swift */ = {isa = PBXFileReference; lastKnownFileType = sourcecode.swift; path = Month.swift; sourceTree = "<group>"; };
		2DE531AA21EA9CE000BC0D5A /* DayCollectionHeader.swift */ = {isa = PBXFileReference; lastKnownFileType = sourcecode.swift; path = DayCollectionHeader.swift; sourceTree = "<group>"; };
		2DE531AC21ED473000BC0D5A /* EventManager.swift */ = {isa = PBXFileReference; lastKnownFileType = sourcecode.swift; path = EventManager.swift; sourceTree = "<group>"; };
		2DE531AE21ED564000BC0D5A /* AddEventViewController.swift */ = {isa = PBXFileReference; lastKnownFileType = sourcecode.swift; path = AddEventViewController.swift; sourceTree = "<group>"; };
		2FC3716E18266E3815040E30 /* Pods_MobileJTTests.framework */ = {isa = PBXFileReference; explicitFileType = wrapper.framework; includeInIndex = 0; path = Pods_MobileJTTests.framework; sourceTree = BUILT_PRODUCTS_DIR; };
		31A129EDE185E9C7EFB4479F /* Pods-MobileJTTests.debug.xcconfig */ = {isa = PBXFileReference; includeInIndex = 1; lastKnownFileType = text.xcconfig; name = "Pods-MobileJTTests.debug.xcconfig"; path = "Pods/Target Support Files/Pods-MobileJTTests/Pods-MobileJTTests.debug.xcconfig"; sourceTree = "<group>"; };
		740F8B30ADB0CB1591CE5395 /* Pods-MobileJT.release.xcconfig */ = {isa = PBXFileReference; includeInIndex = 1; lastKnownFileType = text.xcconfig; name = "Pods-MobileJT.release.xcconfig"; path = "Pods/Target Support Files/Pods-MobileJT/Pods-MobileJT.release.xcconfig"; sourceTree = "<group>"; };
		A358967CF66E04D751B662E8 /* Pods_MobileJTUITests.framework */ = {isa = PBXFileReference; explicitFileType = wrapper.framework; includeInIndex = 0; path = Pods_MobileJTUITests.framework; sourceTree = BUILT_PRODUCTS_DIR; };
		AD6CA7A2DE2E1E525B696732 /* Pods-MobileJTUITests.release.xcconfig */ = {isa = PBXFileReference; includeInIndex = 1; lastKnownFileType = text.xcconfig; name = "Pods-MobileJTUITests.release.xcconfig"; path = "Pods/Target Support Files/Pods-MobileJTUITests/Pods-MobileJTUITests.release.xcconfig"; sourceTree = "<group>"; };
		BE67B04B6D973606E26E93A6 /* Pods-MobileJT.debug.xcconfig */ = {isa = PBXFileReference; includeInIndex = 1; lastKnownFileType = text.xcconfig; name = "Pods-MobileJT.debug.xcconfig"; path = "Pods/Target Support Files/Pods-MobileJT/Pods-MobileJT.debug.xcconfig"; sourceTree = "<group>"; };
		C52ECE7D21F16B7100979773 /* SpaceCell.swift */ = {isa = PBXFileReference; lastKnownFileType = sourcecode.swift; path = SpaceCell.swift; sourceTree = "<group>"; };
		C551DC0221E447570041537D /* MobileJT.app */ = {isa = PBXFileReference; explicitFileType = wrapper.application; includeInIndex = 0; path = MobileJT.app; sourceTree = BUILT_PRODUCTS_DIR; };
		C551DC0521E447570041537D /* AppDelegate.swift */ = {isa = PBXFileReference; lastKnownFileType = sourcecode.swift; path = AppDelegate.swift; sourceTree = "<group>"; };
		C551DC0C21E447580041537D /* Assets.xcassets */ = {isa = PBXFileReference; lastKnownFileType = folder.assetcatalog; path = Assets.xcassets; sourceTree = "<group>"; };
		C551DC0F21E447580041537D /* Base */ = {isa = PBXFileReference; lastKnownFileType = file.storyboard; name = Base; path = Base.lproj/LaunchScreen.storyboard; sourceTree = "<group>"; };
		C551DC1121E447580041537D /* Info.plist */ = {isa = PBXFileReference; lastKnownFileType = text.plist.xml; path = Info.plist; sourceTree = "<group>"; };
		C551DC1621E447580041537D /* MobileJTTests.xctest */ = {isa = PBXFileReference; explicitFileType = wrapper.cfbundle; includeInIndex = 0; path = MobileJTTests.xctest; sourceTree = BUILT_PRODUCTS_DIR; };
		C551DC1A21E447580041537D /* MobileJTTests.swift */ = {isa = PBXFileReference; lastKnownFileType = sourcecode.swift; path = MobileJTTests.swift; sourceTree = "<group>"; };
		C551DC1C21E447580041537D /* Info.plist */ = {isa = PBXFileReference; lastKnownFileType = text.plist.xml; path = Info.plist; sourceTree = "<group>"; };
		C551DC2121E447580041537D /* MobileJTUITests.xctest */ = {isa = PBXFileReference; explicitFileType = wrapper.cfbundle; includeInIndex = 0; path = MobileJTUITests.xctest; sourceTree = BUILT_PRODUCTS_DIR; };
		C551DC2521E447580041537D /* MobileJTUITests.swift */ = {isa = PBXFileReference; lastKnownFileType = sourcecode.swift; path = MobileJTUITests.swift; sourceTree = "<group>"; };
		C551DC2721E447580041537D /* Info.plist */ = {isa = PBXFileReference; lastKnownFileType = text.plist.xml; path = Info.plist; sourceTree = "<group>"; };
		C551DC3421E447BC0041537D /* Day.swift */ = {isa = PBXFileReference; fileEncoding = 4; lastKnownFileType = sourcecode.swift; path = Day.swift; sourceTree = "<group>"; };
		C551DC3621E447BC0041537D /* EventTableViewCell.swift */ = {isa = PBXFileReference; fileEncoding = 4; lastKnownFileType = sourcecode.swift; path = EventTableViewCell.swift; sourceTree = "<group>"; };
		C551DC3721E447BC0041537D /* DayCollectionViewCell.swift */ = {isa = PBXFileReference; fileEncoding = 4; lastKnownFileType = sourcecode.swift; path = DayCollectionViewCell.swift; sourceTree = "<group>"; };
		C551DC3821E447BC0041537D /* EventTableViewController.swift */ = {isa = PBXFileReference; fileEncoding = 4; lastKnownFileType = sourcecode.swift; path = EventTableViewController.swift; sourceTree = "<group>"; };
		C551DC3921E447BC0041537D /* DayCollectionViewController.swift */ = {isa = PBXFileReference; fileEncoding = 4; lastKnownFileType = sourcecode.swift; path = DayCollectionViewController.swift; sourceTree = "<group>"; };
		C551DC3B21E447BC0041537D /* Event.swift */ = {isa = PBXFileReference; fileEncoding = 4; lastKnownFileType = sourcecode.swift; path = Event.swift; sourceTree = "<group>"; };
		C551DC3E21E447BC0041537D /* EventViewController.swift */ = {isa = PBXFileReference; fileEncoding = 4; lastKnownFileType = sourcecode.swift; path = EventViewController.swift; sourceTree = "<group>"; };
		E8171A6C17E0E8CB0ACAC9E7 /* Pods-MobileJTTests.release.xcconfig */ = {isa = PBXFileReference; includeInIndex = 1; lastKnownFileType = text.xcconfig; name = "Pods-MobileJTTests.release.xcconfig"; path = "Pods/Target Support Files/Pods-MobileJTTests/Pods-MobileJTTests.release.xcconfig"; sourceTree = "<group>"; };
		EFCC142837442E2957FF6173 /* Pods_MobileJT.framework */ = {isa = PBXFileReference; explicitFileType = wrapper.framework; includeInIndex = 0; path = Pods_MobileJT.framework; sourceTree = BUILT_PRODUCTS_DIR; };
/* End PBXFileReference section */

/* Begin PBXFrameworksBuildPhase section */
		C551DBFF21E447570041537D /* Frameworks */ = {
			isa = PBXFrameworksBuildPhase;
			buildActionMask = 2147483647;
			files = (
				98F653975E9135167F830D07 /* Pods_MobileJT.framework in Frameworks */,
			);
			runOnlyForDeploymentPostprocessing = 0;
		};
		C551DC1321E447580041537D /* Frameworks */ = {
			isa = PBXFrameworksBuildPhase;
			buildActionMask = 2147483647;
			files = (
				1AE1B53527C82918B89E09B9 /* Pods_MobileJTTests.framework in Frameworks */,
			);
			runOnlyForDeploymentPostprocessing = 0;
		};
		C551DC1E21E447580041537D /* Frameworks */ = {
			isa = PBXFrameworksBuildPhase;
			buildActionMask = 2147483647;
			files = (
				0593D350B5A87D5E4E465668 /* Pods_MobileJTUITests.framework in Frameworks */,
			);
			runOnlyForDeploymentPostprocessing = 0;
		};
/* End PBXFrameworksBuildPhase section */

/* Begin PBXGroup section */
		2C79163FD3974700BCA113B1 /* Pods */ = {
			isa = PBXGroup;
			children = (
				BE67B04B6D973606E26E93A6 /* Pods-MobileJT.debug.xcconfig */,
				740F8B30ADB0CB1591CE5395 /* Pods-MobileJT.release.xcconfig */,
				31A129EDE185E9C7EFB4479F /* Pods-MobileJTTests.debug.xcconfig */,
				E8171A6C17E0E8CB0ACAC9E7 /* Pods-MobileJTTests.release.xcconfig */,
				2B75B0EA8C38C94341C38DF2 /* Pods-MobileJTUITests.debug.xcconfig */,
				AD6CA7A2DE2E1E525B696732 /* Pods-MobileJTUITests.release.xcconfig */,
			);
			name = Pods;
			sourceTree = "<group>";
		};
		9170FD5E9A2B0E6561D07F8E /* Frameworks */ = {
			isa = PBXGroup;
			children = (
				EFCC142837442E2957FF6173 /* Pods_MobileJT.framework */,
				2FC3716E18266E3815040E30 /* Pods_MobileJTTests.framework */,
				A358967CF66E04D751B662E8 /* Pods_MobileJTUITests.framework */,
			);
			name = Frameworks;
			sourceTree = "<group>";
		};
		C551DBF921E447570041537D = {
			isa = PBXGroup;
			children = (
				C551DC0421E447570041537D /* MobileJT */,
				C551DC1921E447580041537D /* MobileJTTests */,
				C551DC2421E447580041537D /* MobileJTUITests */,
				C551DC0321E447570041537D /* Products */,
				2C79163FD3974700BCA113B1 /* Pods */,
				9170FD5E9A2B0E6561D07F8E /* Frameworks */,
			);
			sourceTree = "<group>";
		};
		C551DC0321E447570041537D /* Products */ = {
			isa = PBXGroup;
			children = (
				C551DC0221E447570041537D /* MobileJT.app */,
				C551DC1621E447580041537D /* MobileJTTests.xctest */,
				C551DC2121E447580041537D /* MobileJTUITests.xctest */,
			);
			name = Products;
			sourceTree = "<group>";
		};
		C551DC0421E447570041537D /* MobileJT */ = {
			isa = PBXGroup;
			children = (
				2DE531A421EA85B000BC0D5A /* Main.storyboard */,
				C551DC3421E447BC0041537D /* Day.swift */,
				2DE531A621EA913E00BC0D5A /* Month.swift */,
				C551DC3B21E447BC0041537D /* Event.swift */,
				2DE531AC21ED473000BC0D5A /* EventManager.swift */,
				C52ECE7D21F16B7100979773 /* SpaceCell.swift */,
				2DE531AA21EA9CE000BC0D5A /* DayCollectionHeader.swift */,
				C551DC3721E447BC0041537D /* DayCollectionViewCell.swift */,
				C551DC3921E447BC0041537D /* DayCollectionViewController.swift */,
				C551DC3621E447BC0041537D /* EventTableViewCell.swift */,
				C551DC3821E447BC0041537D /* EventTableViewController.swift */,
				C551DC3E21E447BC0041537D /* EventViewController.swift */,
				2DE531AE21ED564000BC0D5A /* AddEventViewController.swift */,
				C551DC0521E447570041537D /* AppDelegate.swift */,
				C551DC0C21E447580041537D /* Assets.xcassets */,
				C551DC0E21E447580041537D /* LaunchScreen.storyboard */,
				C551DC1121E447580041537D /* Info.plist */,
			);
			path = MobileJT;
			sourceTree = "<group>";
		};
		C551DC1921E447580041537D /* MobileJTTests */ = {
			isa = PBXGroup;
			children = (
				C551DC1A21E447580041537D /* MobileJTTests.swift */,
				C551DC1C21E447580041537D /* Info.plist */,
			);
			path = MobileJTTests;
			sourceTree = "<group>";
		};
		C551DC2421E447580041537D /* MobileJTUITests */ = {
			isa = PBXGroup;
			children = (
				C551DC2521E447580041537D /* MobileJTUITests.swift */,
				C551DC2721E447580041537D /* Info.plist */,
			);
			path = MobileJTUITests;
			sourceTree = "<group>";
		};
/* End PBXGroup section */

/* Begin PBXNativeTarget section */
		C551DC0121E447570041537D /* MobileJT */ = {
			isa = PBXNativeTarget;
			buildConfigurationList = C551DC2A21E447580041537D /* Build configuration list for PBXNativeTarget "MobileJT" */;
			buildPhases = (
				ADD5B09D6673032AE5CAC796 /* [CP] Check Pods Manifest.lock */,
				C551DBFE21E447570041537D /* Sources */,
				C551DBFF21E447570041537D /* Frameworks */,
				C551DC0021E447570041537D /* Resources */,
				AB211DA7B4C53F44165E9E7B /* [CP] Embed Pods Frameworks */,
			);
			buildRules = (
			);
			dependencies = (
			);
			name = MobileJT;
			productName = MobileJT;
			productReference = C551DC0221E447570041537D /* MobileJT.app */;
			productType = "com.apple.product-type.application";
		};
		C551DC1521E447580041537D /* MobileJTTests */ = {
			isa = PBXNativeTarget;
			buildConfigurationList = C551DC2D21E447580041537D /* Build configuration list for PBXNativeTarget "MobileJTTests" */;
			buildPhases = (
				CD8B9E975E98E35B10ED87AA /* [CP] Check Pods Manifest.lock */,
				C551DC1221E447580041537D /* Sources */,
				C551DC1321E447580041537D /* Frameworks */,
				C551DC1421E447580041537D /* Resources */,
			);
			buildRules = (
			);
			dependencies = (
				C551DC1821E447580041537D /* PBXTargetDependency */,
			);
			name = MobileJTTests;
			productName = MobileJTTests;
			productReference = C551DC1621E447580041537D /* MobileJTTests.xctest */;
			productType = "com.apple.product-type.bundle.unit-test";
		};
		C551DC2021E447580041537D /* MobileJTUITests */ = {
			isa = PBXNativeTarget;
			buildConfigurationList = C551DC3021E447580041537D /* Build configuration list for PBXNativeTarget "MobileJTUITests" */;
			buildPhases = (
				9BF88E4295C3D2F6B6AAEF2C /* [CP] Check Pods Manifest.lock */,
				C551DC1D21E447580041537D /* Sources */,
				C551DC1E21E447580041537D /* Frameworks */,
				C551DC1F21E447580041537D /* Resources */,
			);
			buildRules = (
			);
			dependencies = (
				C551DC2321E447580041537D /* PBXTargetDependency */,
			);
			name = MobileJTUITests;
			productName = MobileJTUITests;
			productReference = C551DC2121E447580041537D /* MobileJTUITests.xctest */;
			productType = "com.apple.product-type.bundle.ui-testing";
		};
/* End PBXNativeTarget section */

/* Begin PBXProject section */
		C551DBFA21E447570041537D /* Project object */ = {
			isa = PBXProject;
			attributes = {
				LastSwiftUpdateCheck = 1010;
				LastUpgradeCheck = 1010;
				ORGANIZATIONNAME = "Jared Polonitza";
				TargetAttributes = {
					C551DC0121E447570041537D = {
						CreatedOnToolsVersion = 10.1;
					};
					C551DC1521E447580041537D = {
						CreatedOnToolsVersion = 10.1;
						TestTargetID = C551DC0121E447570041537D;
					};
					C551DC2021E447580041537D = {
						CreatedOnToolsVersion = 10.1;
						TestTargetID = C551DC0121E447570041537D;
					};
				};
			};
			buildConfigurationList = C551DBFD21E447570041537D /* Build configuration list for PBXProject "MobileJT " */;
			compatibilityVersion = "Xcode 9.3";
			developmentRegion = en;
			hasScannedForEncodings = 0;
			knownRegions = (
				en,
				Base,
			);
			mainGroup = C551DBF921E447570041537D;
			productRefGroup = C551DC0321E447570041537D /* Products */;
			projectDirPath = "";
			projectRoot = "";
			targets = (
				C551DC0121E447570041537D /* MobileJT */,
				C551DC1521E447580041537D /* MobileJTTests */,
				C551DC2021E447580041537D /* MobileJTUITests */,
			);
		};
/* End PBXProject section */

/* Begin PBXResourcesBuildPhase section */
		C551DC0021E447570041537D /* Resources */ = {
			isa = PBXResourcesBuildPhase;
			buildActionMask = 2147483647;
			files = (
				2DE531A521EA85B000BC0D5A /* Main.storyboard in Resources */,
				C551DC1021E447580041537D /* LaunchScreen.storyboard in Resources */,
				C551DC0D21E447580041537D /* Assets.xcassets in Resources */,
			);
			runOnlyForDeploymentPostprocessing = 0;
		};
		C551DC1421E447580041537D /* Resources */ = {
			isa = PBXResourcesBuildPhase;
			buildActionMask = 2147483647;
			files = (
			);
			runOnlyForDeploymentPostprocessing = 0;
		};
		C551DC1F21E447580041537D /* Resources */ = {
			isa = PBXResourcesBuildPhase;
			buildActionMask = 2147483647;
			files = (
			);
			runOnlyForDeploymentPostprocessing = 0;
		};
/* End PBXResourcesBuildPhase section */

/* Begin PBXShellScriptBuildPhase section */
		9BF88E4295C3D2F6B6AAEF2C /* [CP] Check Pods Manifest.lock */ = {
			isa = PBXShellScriptBuildPhase;
			buildActionMask = 2147483647;
			files = (
			);
			inputFileListPaths = (
			);
			inputPaths = (
				"${PODS_PODFILE_DIR_PATH}/Podfile.lock",
				"${PODS_ROOT}/Manifest.lock",
			);
			name = "[CP] Check Pods Manifest.lock";
			outputFileListPaths = (
			);
			outputPaths = (
				"$(DERIVED_FILE_DIR)/Pods-MobileJTUITests-checkManifestLockResult.txt",
			);
			runOnlyForDeploymentPostprocessing = 0;
			shellPath = /bin/sh;
			shellScript = "diff \"${PODS_PODFILE_DIR_PATH}/Podfile.lock\" \"${PODS_ROOT}/Manifest.lock\" > /dev/null\nif [ $? != 0 ] ; then\n    # print error to STDERR\n    echo \"error: The sandbox is not in sync with the Podfile.lock. Run 'pod install' or update your CocoaPods installation.\" >&2\n    exit 1\nfi\n# This output is used by Xcode 'outputs' to avoid re-running this script phase.\necho \"SUCCESS\" > \"${SCRIPT_OUTPUT_FILE_0}\"\n";
			showEnvVarsInLog = 0;
		};
		AB211DA7B4C53F44165E9E7B /* [CP] Embed Pods Frameworks */ = {
			isa = PBXShellScriptBuildPhase;
			buildActionMask = 2147483647;
			files = (
			);
			inputFileListPaths = (
			);
			inputPaths = (
				"${SRCROOT}/Pods/Target Support Files/Pods-MobileJT/Pods-MobileJT-frameworks.sh",
				"${BUILT_PRODUCTS_DIR}/MultiSelectSegmentedControl/MultiSelectSegmentedControl.framework",
			);
			name = "[CP] Embed Pods Frameworks";
			outputFileListPaths = (
			);
			outputPaths = (
				"${TARGET_BUILD_DIR}/${FRAMEWORKS_FOLDER_PATH}/MultiSelectSegmentedControl.framework",
			);
			runOnlyForDeploymentPostprocessing = 0;
			shellPath = /bin/sh;
			shellScript = "\"${SRCROOT}/Pods/Target Support Files/Pods-MobileJT/Pods-MobileJT-frameworks.sh\"\n";
			showEnvVarsInLog = 0;
		};
		ADD5B09D6673032AE5CAC796 /* [CP] Check Pods Manifest.lock */ = {
			isa = PBXShellScriptBuildPhase;
			buildActionMask = 2147483647;
			files = (
			);
			inputFileListPaths = (
			);
			inputPaths = (
				"${PODS_PODFILE_DIR_PATH}/Podfile.lock",
				"${PODS_ROOT}/Manifest.lock",
			);
			name = "[CP] Check Pods Manifest.lock";
			outputFileListPaths = (
			);
			outputPaths = (
				"$(DERIVED_FILE_DIR)/Pods-MobileJT-checkManifestLockResult.txt",
			);
			runOnlyForDeploymentPostprocessing = 0;
			shellPath = /bin/sh;
			shellScript = "diff \"${PODS_PODFILE_DIR_PATH}/Podfile.lock\" \"${PODS_ROOT}/Manifest.lock\" > /dev/null\nif [ $? != 0 ] ; then\n    # print error to STDERR\n    echo \"error: The sandbox is not in sync with the Podfile.lock. Run 'pod install' or update your CocoaPods installation.\" >&2\n    exit 1\nfi\n# This output is used by Xcode 'outputs' to avoid re-running this script phase.\necho \"SUCCESS\" > \"${SCRIPT_OUTPUT_FILE_0}\"\n";
			showEnvVarsInLog = 0;
		};
		CD8B9E975E98E35B10ED87AA /* [CP] Check Pods Manifest.lock */ = {
			isa = PBXShellScriptBuildPhase;
			buildActionMask = 2147483647;
			files = (
			);
			inputFileListPaths = (
			);
			inputPaths = (
				"${PODS_PODFILE_DIR_PATH}/Podfile.lock",
				"${PODS_ROOT}/Manifest.lock",
			);
			name = "[CP] Check Pods Manifest.lock";
			outputFileListPaths = (
			);
			outputPaths = (
				"$(DERIVED_FILE_DIR)/Pods-MobileJTTests-checkManifestLockResult.txt",
			);
			runOnlyForDeploymentPostprocessing = 0;
			shellPath = /bin/sh;
			shellScript = "diff \"${PODS_PODFILE_DIR_PATH}/Podfile.lock\" \"${PODS_ROOT}/Manifest.lock\" > /dev/null\nif [ $? != 0 ] ; then\n    # print error to STDERR\n    echo \"error: The sandbox is not in sync with the Podfile.lock. Run 'pod install' or update your CocoaPods installation.\" >&2\n    exit 1\nfi\n# This output is used by Xcode 'outputs' to avoid re-running this script phase.\necho \"SUCCESS\" > \"${SCRIPT_OUTPUT_FILE_0}\"\n";
			showEnvVarsInLog = 0;
		};
/* End PBXShellScriptBuildPhase section */

/* Begin PBXSourcesBuildPhase section */
		C551DBFE21E447570041537D /* Sources */ = {
			isa = PBXSourcesBuildPhase;
			buildActionMask = 2147483647;
			files = (
				C551DC4221E447BC0041537D /* EventTableViewCell.swift in Sources */,
				2DE531AF21ED564000BC0D5A /* AddEventViewController.swift in Sources */,
				C551DC4721E447BC0041537D /* Event.swift in Sources */,
				2DE531AD21ED473000BC0D5A /* EventManager.swift in Sources */,
				C551DC4421E447BC0041537D /* EventTableViewController.swift in Sources */,
				2DE531A721EA913E00BC0D5A /* Month.swift in Sources */,
				C551DC4321E447BC0041537D /* DayCollectionViewCell.swift in Sources */,
				C551DC4021E447BC0041537D /* Day.swift in Sources */,
				C551DC4A21E447BC0041537D /* EventViewController.swift in Sources */,
				2DE531AB21EA9CE000BC0D5A /* DayCollectionHeader.swift in Sources */,
				C52ECE7E21F16B7100979773 /* SpaceCell.swift in Sources */,
				C551DC4521E447BC0041537D /* DayCollectionViewController.swift in Sources */,
				C551DC0621E447570041537D /* AppDelegate.swift in Sources */,
			);
			runOnlyForDeploymentPostprocessing = 0;
		};
		C551DC1221E447580041537D /* Sources */ = {
			isa = PBXSourcesBuildPhase;
			buildActionMask = 2147483647;
			files = (
				C551DC1B21E447580041537D /* MobileJTTests.swift in Sources */,
			);
			runOnlyForDeploymentPostprocessing = 0;
		};
		C551DC1D21E447580041537D /* Sources */ = {
			isa = PBXSourcesBuildPhase;
			buildActionMask = 2147483647;
			files = (
				C551DC2621E447580041537D /* MobileJTUITests.swift in Sources */,
			);
			runOnlyForDeploymentPostprocessing = 0;
		};
/* End PBXSourcesBuildPhase section */

/* Begin PBXTargetDependency section */
		C551DC1821E447580041537D /* PBXTargetDependency */ = {
			isa = PBXTargetDependency;
			target = C551DC0121E447570041537D /* MobileJT */;
			targetProxy = C551DC1721E447580041537D /* PBXContainerItemProxy */;
		};
		C551DC2321E447580041537D /* PBXTargetDependency */ = {
			isa = PBXTargetDependency;
			target = C551DC0121E447570041537D /* MobileJT */;
			targetProxy = C551DC2221E447580041537D /* PBXContainerItemProxy */;
		};
/* End PBXTargetDependency section */

/* Begin PBXVariantGroup section */
		C551DC0E21E447580041537D /* LaunchScreen.storyboard */ = {
			isa = PBXVariantGroup;
			children = (
				C551DC0F21E447580041537D /* Base */,
			);
			name = LaunchScreen.storyboard;
			sourceTree = "<group>";
		};
/* End PBXVariantGroup section */

/* Begin XCBuildConfiguration section */
		C551DC2821E447580041537D /* Debug */ = {
			isa = XCBuildConfiguration;
			buildSettings = {
				ALWAYS_SEARCH_USER_PATHS = NO;
				CLANG_ANALYZER_NONNULL = YES;
				CLANG_ANALYZER_NUMBER_OBJECT_CONVERSION = YES_AGGRESSIVE;
				CLANG_CXX_LANGUAGE_STANDARD = "gnu++14";
				CLANG_CXX_LIBRARY = "libc++";
				CLANG_ENABLE_MODULES = YES;
				CLANG_ENABLE_OBJC_ARC = YES;
				CLANG_ENABLE_OBJC_WEAK = YES;
				CLANG_WARN_BLOCK_CAPTURE_AUTORELEASING = YES;
				CLANG_WARN_BOOL_CONVERSION = YES;
				CLANG_WARN_COMMA = YES;
				CLANG_WARN_CONSTANT_CONVERSION = YES;
				CLANG_WARN_DEPRECATED_OBJC_IMPLEMENTATIONS = YES;
				CLANG_WARN_DIRECT_OBJC_ISA_USAGE = YES_ERROR;
				CLANG_WARN_DOCUMENTATION_COMMENTS = YES;
				CLANG_WARN_EMPTY_BODY = YES;
				CLANG_WARN_ENUM_CONVERSION = YES;
				CLANG_WARN_INFINITE_RECURSION = YES;
				CLANG_WARN_INT_CONVERSION = YES;
				CLANG_WARN_NON_LITERAL_NULL_CONVERSION = YES;
				CLANG_WARN_OBJC_IMPLICIT_RETAIN_SELF = YES;
				CLANG_WARN_OBJC_LITERAL_CONVERSION = YES;
				CLANG_WARN_OBJC_ROOT_CLASS = YES_ERROR;
				CLANG_WARN_RANGE_LOOP_ANALYSIS = YES;
				CLANG_WARN_STRICT_PROTOTYPES = YES;
				CLANG_WARN_SUSPICIOUS_MOVE = YES;
				CLANG_WARN_UNGUARDED_AVAILABILITY = YES_AGGRESSIVE;
				CLANG_WARN_UNREACHABLE_CODE = YES;
				CLANG_WARN__DUPLICATE_METHOD_MATCH = YES;
				CODE_SIGN_IDENTITY = "iPhone Developer";
				COPY_PHASE_STRIP = NO;
				DEBUG_INFORMATION_FORMAT = dwarf;
				ENABLE_STRICT_OBJC_MSGSEND = YES;
				ENABLE_TESTABILITY = YES;
				GCC_C_LANGUAGE_STANDARD = gnu11;
				GCC_DYNAMIC_NO_PIC = NO;
				GCC_NO_COMMON_BLOCKS = YES;
				GCC_OPTIMIZATION_LEVEL = 0;
				GCC_PREPROCESSOR_DEFINITIONS = (
					"DEBUG=1",
					"$(inherited)",
				);
				GCC_WARN_64_TO_32_BIT_CONVERSION = YES;
				GCC_WARN_ABOUT_RETURN_TYPE = YES_ERROR;
				GCC_WARN_UNDECLARED_SELECTOR = YES;
				GCC_WARN_UNINITIALIZED_AUTOS = YES_AGGRESSIVE;
				GCC_WARN_UNUSED_FUNCTION = YES;
				GCC_WARN_UNUSED_VARIABLE = YES;
				IPHONEOS_DEPLOYMENT_TARGET = 12.1;
				MTL_ENABLE_DEBUG_INFO = INCLUDE_SOURCE;
				MTL_FAST_MATH = YES;
				ONLY_ACTIVE_ARCH = YES;
				SDKROOT = iphoneos;
				SWIFT_ACTIVE_COMPILATION_CONDITIONS = DEBUG;
				SWIFT_OPTIMIZATION_LEVEL = "-Onone";
			};
			name = Debug;
		};
		C551DC2921E447580041537D /* Release */ = {
			isa = XCBuildConfiguration;
			buildSettings = {
				ALWAYS_SEARCH_USER_PATHS = NO;
				CLANG_ANALYZER_NONNULL = YES;
				CLANG_ANALYZER_NUMBER_OBJECT_CONVERSION = YES_AGGRESSIVE;
				CLANG_CXX_LANGUAGE_STANDARD = "gnu++14";
				CLANG_CXX_LIBRARY = "libc++";
				CLANG_ENABLE_MODULES = YES;
				CLANG_ENABLE_OBJC_ARC = YES;
				CLANG_ENABLE_OBJC_WEAK = YES;
				CLANG_WARN_BLOCK_CAPTURE_AUTORELEASING = YES;
				CLANG_WARN_BOOL_CONVERSION = YES;
				CLANG_WARN_COMMA = YES;
				CLANG_WARN_CONSTANT_CONVERSION = YES;
				CLANG_WARN_DEPRECATED_OBJC_IMPLEMENTATIONS = YES;
				CLANG_WARN_DIRECT_OBJC_ISA_USAGE = YES_ERROR;
				CLANG_WARN_DOCUMENTATION_COMMENTS = YES;
				CLANG_WARN_EMPTY_BODY = YES;
				CLANG_WARN_ENUM_CONVERSION = YES;
				CLANG_WARN_INFINITE_RECURSION = YES;
				CLANG_WARN_INT_CONVERSION = YES;
				CLANG_WARN_NON_LITERAL_NULL_CONVERSION = YES;
				CLANG_WARN_OBJC_IMPLICIT_RETAIN_SELF = YES;
				CLANG_WARN_OBJC_LITERAL_CONVERSION = YES;
				CLANG_WARN_OBJC_ROOT_CLASS = YES_ERROR;
				CLANG_WARN_RANGE_LOOP_ANALYSIS = YES;
				CLANG_WARN_STRICT_PROTOTYPES = YES;
				CLANG_WARN_SUSPICIOUS_MOVE = YES;
				CLANG_WARN_UNGUARDED_AVAILABILITY = YES_AGGRESSIVE;
				CLANG_WARN_UNREACHABLE_CODE = YES;
				CLANG_WARN__DUPLICATE_METHOD_MATCH = YES;
				CODE_SIGN_IDENTITY = "iPhone Developer";
				COPY_PHASE_STRIP = NO;
				DEBUG_INFORMATION_FORMAT = "dwarf-with-dsym";
				ENABLE_NS_ASSERTIONS = NO;
				ENABLE_STRICT_OBJC_MSGSEND = YES;
				GCC_C_LANGUAGE_STANDARD = gnu11;
				GCC_NO_COMMON_BLOCKS = YES;
				GCC_WARN_64_TO_32_BIT_CONVERSION = YES;
				GCC_WARN_ABOUT_RETURN_TYPE = YES_ERROR;
				GCC_WARN_UNDECLARED_SELECTOR = YES;
				GCC_WARN_UNINITIALIZED_AUTOS = YES_AGGRESSIVE;
				GCC_WARN_UNUSED_FUNCTION = YES;
				GCC_WARN_UNUSED_VARIABLE = YES;
				IPHONEOS_DEPLOYMENT_TARGET = 12.1;
				MTL_ENABLE_DEBUG_INFO = NO;
				MTL_FAST_MATH = YES;
				SDKROOT = iphoneos;
				SWIFT_COMPILATION_MODE = wholemodule;
				SWIFT_OPTIMIZATION_LEVEL = "-O";
				VALIDATE_PRODUCT = YES;
			};
			name = Release;
		};
		C551DC2B21E447580041537D /* Debug */ = {
			isa = XCBuildConfiguration;
			baseConfigurationReference = BE67B04B6D973606E26E93A6 /* Pods-MobileJT.debug.xcconfig */;
			buildSettings = {
				ASSETCATALOG_COMPILER_APPICON_NAME = AppIcon;
				CODE_SIGN_STYLE = Automatic;
				INFOPLIST_FILE = MobileJT/Info.plist;
				LD_RUNPATH_SEARCH_PATHS = (
					"$(inherited)",
					"@executable_path/Frameworks",
				);
				PRODUCT_BUNDLE_IDENTIFIER = "Jared-Polonitza.MobileJT";
				PRODUCT_NAME = "$(TARGET_NAME)";
				SWIFT_VERSION = 4.2;
				TARGETED_DEVICE_FAMILY = "1,2";
			};
			name = Debug;
		};
		C551DC2C21E447580041537D /* Release */ = {
			isa = XCBuildConfiguration;
			baseConfigurationReference = 740F8B30ADB0CB1591CE5395 /* Pods-MobileJT.release.xcconfig */;
			buildSettings = {
				ASSETCATALOG_COMPILER_APPICON_NAME = AppIcon;
				CODE_SIGN_STYLE = Automatic;
				INFOPLIST_FILE = MobileJT/Info.plist;
				LD_RUNPATH_SEARCH_PATHS = (
					"$(inherited)",
					"@executable_path/Frameworks",
				);
				PRODUCT_BUNDLE_IDENTIFIER = "Jared-Polonitza.MobileJT";
				PRODUCT_NAME = "$(TARGET_NAME)";
				SWIFT_VERSION = 4.2;
				TARGETED_DEVICE_FAMILY = "1,2";
			};
			name = Release;
		};
		C551DC2E21E447580041537D /* Debug */ = {
			isa = XCBuildConfiguration;
			baseConfigurationReference = 31A129EDE185E9C7EFB4479F /* Pods-MobileJTTests.debug.xcconfig */;
			buildSettings = {
				ALWAYS_EMBED_SWIFT_STANDARD_LIBRARIES = YES;
				BUNDLE_LOADER = "$(TEST_HOST)";
				CODE_SIGN_STYLE = Automatic;
				INFOPLIST_FILE = MobileJTTests/Info.plist;
				LD_RUNPATH_SEARCH_PATHS = (
					"$(inherited)",
					"@executable_path/Frameworks",
					"@loader_path/Frameworks",
				);
				PRODUCT_BUNDLE_IDENTIFIER = "Jared-Polonitza.MobileJTTests";
				PRODUCT_NAME = "$(TARGET_NAME)";
				SWIFT_VERSION = 4.2;
				TARGETED_DEVICE_FAMILY = "1,2";
				TEST_HOST = "$(BUILT_PRODUCTS_DIR)/MobileJT.app/MobileJT";
			};
			name = Debug;
		};
		C551DC2F21E447580041537D /* Release */ = {
			isa = XCBuildConfiguration;
			baseConfigurationReference = E8171A6C17E0E8CB0ACAC9E7 /* Pods-MobileJTTests.release.xcconfig */;
			buildSettings = {
				ALWAYS_EMBED_SWIFT_STANDARD_LIBRARIES = YES;
				BUNDLE_LOADER = "$(TEST_HOST)";
				CODE_SIGN_STYLE = Automatic;
				INFOPLIST_FILE = MobileJTTests/Info.plist;
				LD_RUNPATH_SEARCH_PATHS = (
					"$(inherited)",
					"@executable_path/Frameworks",
					"@loader_path/Frameworks",
				);
				PRODUCT_BUNDLE_IDENTIFIER = "Jared-Polonitza.MobileJTTests";
				PRODUCT_NAME = "$(TARGET_NAME)";
				SWIFT_VERSION = 4.2;
				TARGETED_DEVICE_FAMILY = "1,2";
				TEST_HOST = "$(BUILT_PRODUCTS_DIR)/MobileJT.app/MobileJT";
			};
			name = Release;
		};
		C551DC3121E447580041537D /* Debug */ = {
			isa = XCBuildConfiguration;
			baseConfigurationReference = 2B75B0EA8C38C94341C38DF2 /* Pods-MobileJTUITests.debug.xcconfig */;
			buildSettings = {
				ALWAYS_EMBED_SWIFT_STANDARD_LIBRARIES = YES;
				CODE_SIGN_STYLE = Automatic;
				INFOPLIST_FILE = MobileJTUITests/Info.plist;
				LD_RUNPATH_SEARCH_PATHS = (
					"$(inherited)",
					"@executable_path/Frameworks",
					"@loader_path/Frameworks",
				);
				PRODUCT_BUNDLE_IDENTIFIER = "Jared-Polonitza.MobileJTUITests";
				PRODUCT_NAME = "$(TARGET_NAME)";
				SWIFT_VERSION = 4.2;
				TARGETED_DEVICE_FAMILY = "1,2";
				TEST_TARGET_NAME = MobileJT;
			};
			name = Debug;
		};
		C551DC3221E447580041537D /* Release */ = {
			isa = XCBuildConfiguration;
			baseConfigurationReference = AD6CA7A2DE2E1E525B696732 /* Pods-MobileJTUITests.release.xcconfig */;
			buildSettings = {
				ALWAYS_EMBED_SWIFT_STANDARD_LIBRARIES = YES;
				CODE_SIGN_STYLE = Automatic;
				INFOPLIST_FILE = MobileJTUITests/Info.plist;
				LD_RUNPATH_SEARCH_PATHS = (
					"$(inherited)",
					"@executable_path/Frameworks",
					"@loader_path/Frameworks",
				);
				PRODUCT_BUNDLE_IDENTIFIER = "Jared-Polonitza.MobileJTUITests";
				PRODUCT_NAME = "$(TARGET_NAME)";
				SWIFT_VERSION = 4.2;
				TARGETED_DEVICE_FAMILY = "1,2";
				TEST_TARGET_NAME = MobileJT;
			};
			name = Release;
		};
/* End XCBuildConfiguration section */

/* Begin XCConfigurationList section */
		C551DBFD21E447570041537D /* Build configuration list for PBXProject "MobileJT " */ = {
			isa = XCConfigurationList;
			buildConfigurations = (
				C551DC2821E447580041537D /* Debug */,
				C551DC2921E447580041537D /* Release */,
			);
			defaultConfigurationIsVisible = 0;
			defaultConfigurationName = Release;
		};
		C551DC2A21E447580041537D /* Build configuration list for PBXNativeTarget "MobileJT" */ = {
			isa = XCConfigurationList;
			buildConfigurations = (
				C551DC2B21E447580041537D /* Debug */,
				C551DC2C21E447580041537D /* Release */,
			);
			defaultConfigurationIsVisible = 0;
			defaultConfigurationName = Release;
		};
		C551DC2D21E447580041537D /* Build configuration list for PBXNativeTarget "MobileJTTests" */ = {
			isa = XCConfigurationList;
			buildConfigurations = (
				C551DC2E21E447580041537D /* Debug */,
				C551DC2F21E447580041537D /* Release */,
			);
			defaultConfigurationIsVisible = 0;
			defaultConfigurationName = Release;
		};
		C551DC3021E447580041537D /* Build configuration list for PBXNativeTarget "MobileJTUITests" */ = {
			isa = XCConfigurationList;
			buildConfigurations = (
				C551DC3121E447580041537D /* Debug */,
				C551DC3221E447580041537D /* Release */,
			);
			defaultConfigurationIsVisible = 0;
			defaultConfigurationName = Release;
		};
/* End XCConfigurationList section */
	};
	rootObject = C551DBFA21E447570041537D /* Project object */;
}
